// !$*UTF8*$!
{
	archiveVersion = 1;
	classes = {
	};
	objectVersion = 56;
	objects = {

/* Begin PBXBuildFile section */
		EF28A3282BA9D9B6001C2596 /* Forecast.swift in Sources */ = {isa = PBXBuildFile; fileRef = EF28A3272BA9D9B6001C2596 /* Forecast.swift */; };
		EF28A32A2BA9D9EC001C2596 /* CurrentWeatherDataStore.swift in Sources */ = {isa = PBXBuildFile; fileRef = EF28A3292BA9D9EC001C2596 /* CurrentWeatherDataStore.swift */; };
		EF28A32C2BA9DA2E001C2596 /* FiveDayForecastDataStore.swift in Sources */ = {isa = PBXBuildFile; fileRef = EF28A32B2BA9DA2E001C2596 /* FiveDayForecastDataStore.swift */; };
		EF28A32F2BA9DADA001C2596 /* HTTPClient.swift in Sources */ = {isa = PBXBuildFile; fileRef = EF28A32E2BA9DADA001C2596 /* HTTPClient.swift */; };
		EF28A3322BA9DB14001C2596 /* DataExtensions.swift in Sources */ = {isa = PBXBuildFile; fileRef = EF28A3312BA9DB14001C2596 /* DataExtensions.swift */; };
		EF28A3342BA9DB3D001C2596 /* WeatherNetworkWorker.swift in Sources */ = {isa = PBXBuildFile; fileRef = EF28A3332BA9DB3D001C2596 /* WeatherNetworkWorker.swift */; };
		EF28A3372BA9DB99001C2596 /* WeatherNetworkWorkerTests.swift in Sources */ = {isa = PBXBuildFile; fileRef = EF28A3362BA9DB99001C2596 /* WeatherNetworkWorkerTests.swift */; };
		EF6DAC212BA9D51C00D20048 /* WeatherApp.swift in Sources */ = {isa = PBXBuildFile; fileRef = EF6DAC202BA9D51C00D20048 /* WeatherApp.swift */; };
		EF6DAC232BA9D51C00D20048 /* ContentView.swift in Sources */ = {isa = PBXBuildFile; fileRef = EF6DAC222BA9D51C00D20048 /* ContentView.swift */; };
		EF6DAC252BA9D51D00D20048 /* Assets.xcassets in Resources */ = {isa = PBXBuildFile; fileRef = EF6DAC242BA9D51D00D20048 /* Assets.xcassets */; };
		EF6DAC282BA9D51D00D20048 /* Preview Assets.xcassets in Resources */ = {isa = PBXBuildFile; fileRef = EF6DAC272BA9D51D00D20048 /* Preview Assets.xcassets */; };
/* End PBXBuildFile section */

/* Begin PBXContainerItemProxy section */
		EF6DAC2E2BA9D51D00D20048 /* PBXContainerItemProxy */ = {
			isa = PBXContainerItemProxy;
			containerPortal = EF6DAC152BA9D51C00D20048 /* Project object */;
			proxyType = 1;
			remoteGlobalIDString = EF6DAC1C2BA9D51C00D20048;
			remoteInfo = WeatherApp.iOS;
		};
/* End PBXContainerItemProxy section */

/* Begin PBXFileReference section */
		EF28A3272BA9D9B6001C2596 /* Forecast.swift */ = {isa = PBXFileReference; lastKnownFileType = sourcecode.swift; path = Forecast.swift; sourceTree = "<group>"; };
		EF28A3292BA9D9EC001C2596 /* CurrentWeatherDataStore.swift */ = {isa = PBXFileReference; lastKnownFileType = sourcecode.swift; path = CurrentWeatherDataStore.swift; sourceTree = "<group>"; };
		EF28A32B2BA9DA2E001C2596 /* FiveDayForecastDataStore.swift */ = {isa = PBXFileReference; lastKnownFileType = sourcecode.swift; path = FiveDayForecastDataStore.swift; sourceTree = "<group>"; };
		EF28A32E2BA9DADA001C2596 /* HTTPClient.swift */ = {isa = PBXFileReference; lastKnownFileType = sourcecode.swift; path = HTTPClient.swift; sourceTree = "<group>"; };
		EF28A3312BA9DB14001C2596 /* DataExtensions.swift */ = {isa = PBXFileReference; lastKnownFileType = sourcecode.swift; path = DataExtensions.swift; sourceTree = "<group>"; };
		EF28A3332BA9DB3D001C2596 /* WeatherNetworkWorker.swift */ = {isa = PBXFileReference; lastKnownFileType = sourcecode.swift; path = WeatherNetworkWorker.swift; sourceTree = "<group>"; };
		EF28A3362BA9DB99001C2596 /* WeatherNetworkWorkerTests.swift */ = {isa = PBXFileReference; lastKnownFileType = sourcecode.swift; path = WeatherNetworkWorkerTests.swift; sourceTree = "<group>"; };
		EF6DAC1D2BA9D51C00D20048 /* WeatherApp.iOS.app */ = {isa = PBXFileReference; explicitFileType = wrapper.application; includeInIndex = 0; path = WeatherApp.iOS.app; sourceTree = BUILT_PRODUCTS_DIR; };
		EF6DAC202BA9D51C00D20048 /* WeatherApp.swift */ = {isa = PBXFileReference; lastKnownFileType = sourcecode.swift; path = WeatherApp.swift; sourceTree = "<group>"; };
		EF6DAC222BA9D51C00D20048 /* ContentView.swift */ = {isa = PBXFileReference; lastKnownFileType = sourcecode.swift; path = ContentView.swift; sourceTree = "<group>"; };
		EF6DAC242BA9D51D00D20048 /* Assets.xcassets */ = {isa = PBXFileReference; lastKnownFileType = folder.assetcatalog; path = Assets.xcassets; sourceTree = "<group>"; };
		EF6DAC272BA9D51D00D20048 /* Preview Assets.xcassets */ = {isa = PBXFileReference; lastKnownFileType = folder.assetcatalog; path = "Preview Assets.xcassets"; sourceTree = "<group>"; };
		EF6DAC2D2BA9D51D00D20048 /* WeatherApp.iOSTests.xctest */ = {isa = PBXFileReference; explicitFileType = wrapper.cfbundle; includeInIndex = 0; path = WeatherApp.iOSTests.xctest; sourceTree = BUILT_PRODUCTS_DIR; };
/* End PBXFileReference section */

/* Begin PBXFrameworksBuildPhase section */
		EF6DAC1A2BA9D51C00D20048 /* Frameworks */ = {
			isa = PBXFrameworksBuildPhase;
			buildActionMask = 2147483647;
			files = (
			);
			runOnlyForDeploymentPostprocessing = 0;
		};
		EF6DAC2A2BA9D51D00D20048 /* Frameworks */ = {
			isa = PBXFrameworksBuildPhase;
			buildActionMask = 2147483647;
			files = (
			);
			runOnlyForDeploymentPostprocessing = 0;
		};
/* End PBXFrameworksBuildPhase section */

/* Begin PBXGroup section */
		EF28A3242BA9D964001C2596 /* Domain */ = {
			isa = PBXGroup;
			children = (
				EF28A3252BA9D99B001C2596 /* Weather */,
			);
			path = Domain;
			sourceTree = "<group>";
		};
		EF28A3252BA9D99B001C2596 /* Weather */ = {
			isa = PBXGroup;
			children = (
				EF28A32D2BA9DAB9001C2596 /* Workers */,
				EF28A3262BA9D9A3001C2596 /* Models */,
			);
			path = Weather;
			sourceTree = "<group>";
		};
		EF28A3262BA9D9A3001C2596 /* Models */ = {
			isa = PBXGroup;
			children = (
				EF28A3272BA9D9B6001C2596 /* Forecast.swift */,
				EF28A3292BA9D9EC001C2596 /* CurrentWeatherDataStore.swift */,
				EF28A32B2BA9DA2E001C2596 /* FiveDayForecastDataStore.swift */,
			);
			path = Models;
			sourceTree = "<group>";
		};
		EF28A32D2BA9DAB9001C2596 /* Workers */ = {
			isa = PBXGroup;
			children = (
				EF28A3332BA9DB3D001C2596 /* WeatherNetworkWorker.swift */,
			);
			path = Workers;
			sourceTree = "<group>";
		};
		EF28A3302BA9DB09001C2596 /* Extensions */ = {
			isa = PBXGroup;
			children = (
				EF28A3312BA9DB14001C2596 /* DataExtensions.swift */,
			);
			path = Extensions;
			sourceTree = "<group>";
		};
		EF28A3352BA9DB66001C2596 /* Workers */ = {
			isa = PBXGroup;
			children = (
				EF28A3362BA9DB99001C2596 /* WeatherNetworkWorkerTests.swift */,
			);
			path = Workers;
			sourceTree = "<group>";
		};
		EF6DAC142BA9D51C00D20048 = {
			isa = PBXGroup;
			children = (
				EF6DAC1F2BA9D51C00D20048 /* WeatherApp.iOS */,
				EF6DAC302BA9D51D00D20048 /* WeatherApp.iOSTests */,
				EF6DAC1E2BA9D51C00D20048 /* Products */,
			);
			sourceTree = "<group>";
		};
		EF6DAC1E2BA9D51C00D20048 /* Products */ = {
			isa = PBXGroup;
			children = (
				EF6DAC1D2BA9D51C00D20048 /* WeatherApp.iOS.app */,
				EF6DAC2D2BA9D51D00D20048 /* WeatherApp.iOSTests.xctest */,
			);
			name = Products;
			sourceTree = "<group>";
		};
		EF6DAC1F2BA9D51C00D20048 /* WeatherApp.iOS */ = {
			isa = PBXGroup;
			children = (
				EF28A3302BA9DB09001C2596 /* Extensions */,
				EF28A3242BA9D964001C2596 /* Domain */,
				EF6DAC202BA9D51C00D20048 /* WeatherApp.swift */,
				EF6DAC222BA9D51C00D20048 /* ContentView.swift */,
				EF28A32E2BA9DADA001C2596 /* HTTPClient.swift */,
				EF6DAC242BA9D51D00D20048 /* Assets.xcassets */,
				EF6DAC262BA9D51D00D20048 /* Preview Content */,
			);
			path = WeatherApp.iOS;
			sourceTree = "<group>";
		};
		EF6DAC262BA9D51D00D20048 /* Preview Content */ = {
			isa = PBXGroup;
			children = (
				EF6DAC272BA9D51D00D20048 /* Preview Assets.xcassets */,
			);
			path = "Preview Content";
			sourceTree = "<group>";
		};
		EF6DAC302BA9D51D00D20048 /* WeatherApp.iOSTests */ = {
			isa = PBXGroup;
			children = (
				EF28A3352BA9DB66001C2596 /* Workers */,
			);
			path = WeatherApp.iOSTests;
			sourceTree = "<group>";
		};
/* End PBXGroup section */

/* Begin PBXNativeTarget section */
		EF6DAC1C2BA9D51C00D20048 /* WeatherApp.iOS */ = {
			isa = PBXNativeTarget;
			buildConfigurationList = EF6DAC412BA9D51D00D20048 /* Build configuration list for PBXNativeTarget "WeatherApp.iOS" */;
			buildPhases = (
				EF6DAC192BA9D51C00D20048 /* Sources */,
				EF6DAC1A2BA9D51C00D20048 /* Frameworks */,
				EF6DAC1B2BA9D51C00D20048 /* Resources */,
			);
			buildRules = (
			);
			dependencies = (
			);
			name = WeatherApp.iOS;
			productName = WeatherApp.iOS;
			productReference = EF6DAC1D2BA9D51C00D20048 /* WeatherApp.iOS.app */;
			productType = "com.apple.product-type.application";
		};
		EF6DAC2C2BA9D51D00D20048 /* WeatherApp.iOSTests */ = {
			isa = PBXNativeTarget;
			buildConfigurationList = EF6DAC442BA9D51D00D20048 /* Build configuration list for PBXNativeTarget "WeatherApp.iOSTests" */;
			buildPhases = (
				EF6DAC292BA9D51D00D20048 /* Sources */,
				EF6DAC2A2BA9D51D00D20048 /* Frameworks */,
				EF6DAC2B2BA9D51D00D20048 /* Resources */,
			);
			buildRules = (
			);
			dependencies = (
				EF6DAC2F2BA9D51D00D20048 /* PBXTargetDependency */,
			);
			name = WeatherApp.iOSTests;
			productName = WeatherApp.iOSTests;
			productReference = EF6DAC2D2BA9D51D00D20048 /* WeatherApp.iOSTests.xctest */;
			productType = "com.apple.product-type.bundle.unit-test";
		};
/* End PBXNativeTarget section */

/* Begin PBXProject section */
		EF6DAC152BA9D51C00D20048 /* Project object */ = {
			isa = PBXProject;
			attributes = {
				BuildIndependentTargetsInParallel = 1;
				LastSwiftUpdateCheck = 1520;
				LastUpgradeCheck = 1520;
				TargetAttributes = {
					EF6DAC1C2BA9D51C00D20048 = {
						CreatedOnToolsVersion = 15.2;
					};
					EF6DAC2C2BA9D51D00D20048 = {
						CreatedOnToolsVersion = 15.2;
						LastSwiftMigration = 1520;
						TestTargetID = EF6DAC1C2BA9D51C00D20048;
					};
				};
			};
			buildConfigurationList = EF6DAC182BA9D51C00D20048 /* Build configuration list for PBXProject "WeatherApp.iOS" */;
			compatibilityVersion = "Xcode 14.0";
			developmentRegion = en;
			hasScannedForEncodings = 0;
			knownRegions = (
				en,
				Base,
			);
			mainGroup = EF6DAC142BA9D51C00D20048;
			productRefGroup = EF6DAC1E2BA9D51C00D20048 /* Products */;
			projectDirPath = "";
			projectRoot = "";
			targets = (
				EF6DAC1C2BA9D51C00D20048 /* WeatherApp.iOS */,
				EF6DAC2C2BA9D51D00D20048 /* WeatherApp.iOSTests */,
			);
		};
/* End PBXProject section */

/* Begin PBXResourcesBuildPhase section */
		EF6DAC1B2BA9D51C00D20048 /* Resources */ = {
			isa = PBXResourcesBuildPhase;
			buildActionMask = 2147483647;
			files = (
				EF6DAC282BA9D51D00D20048 /* Preview Assets.xcassets in Resources */,
				EF6DAC252BA9D51D00D20048 /* Assets.xcassets in Resources */,
			);
			runOnlyForDeploymentPostprocessing = 0;
		};
		EF6DAC2B2BA9D51D00D20048 /* Resources */ = {
			isa = PBXResourcesBuildPhase;
			buildActionMask = 2147483647;
			files = (
			);
			runOnlyForDeploymentPostprocessing = 0;
		};
/* End PBXResourcesBuildPhase section */

/* Begin PBXSourcesBuildPhase section */
		EF6DAC192BA9D51C00D20048 /* Sources */ = {
			isa = PBXSourcesBuildPhase;
			buildActionMask = 2147483647;
			files = (
				EF28A32C2BA9DA2E001C2596 /* FiveDayForecastDataStore.swift in Sources */,
				EF28A3342BA9DB3D001C2596 /* WeatherNetworkWorker.swift in Sources */,
				EF6DAC232BA9D51C00D20048 /* ContentView.swift in Sources */,
				EF28A32F2BA9DADA001C2596 /* HTTPClient.swift in Sources */,
				EF28A3282BA9D9B6001C2596 /* Forecast.swift in Sources */,
				EF28A3322BA9DB14001C2596 /* DataExtensions.swift in Sources */,
				EF28A32A2BA9D9EC001C2596 /* CurrentWeatherDataStore.swift in Sources */,
				EF6DAC212BA9D51C00D20048 /* WeatherApp.swift in Sources */,
			);
			runOnlyForDeploymentPostprocessing = 0;
		};
		EF6DAC292BA9D51D00D20048 /* Sources */ = {
			isa = PBXSourcesBuildPhase;
			buildActionMask = 2147483647;
			files = (
				EF28A3372BA9DB99001C2596 /* WeatherNetworkWorkerTests.swift in Sources */,
			);
			runOnlyForDeploymentPostprocessing = 0;
		};
/* End PBXSourcesBuildPhase section */

/* Begin PBXTargetDependency section */
		EF6DAC2F2BA9D51D00D20048 /* PBXTargetDependency */ = {
			isa = PBXTargetDependency;
			target = EF6DAC1C2BA9D51C00D20048 /* WeatherApp.iOS */;
			targetProxy = EF6DAC2E2BA9D51D00D20048 /* PBXContainerItemProxy */;
		};
/* End PBXTargetDependency section */

/* Begin XCBuildConfiguration section */
		EF6DAC3F2BA9D51D00D20048 /* Debug */ = {
			isa = XCBuildConfiguration;
			buildSettings = {
				ALWAYS_SEARCH_USER_PATHS = NO;
				ASSETCATALOG_COMPILER_GENERATE_SWIFT_ASSET_SYMBOL_EXTENSIONS = YES;
				CLANG_ANALYZER_NONNULL = YES;
				CLANG_ANALYZER_NUMBER_OBJECT_CONVERSION = YES_AGGRESSIVE;
				CLANG_CXX_LANGUAGE_STANDARD = "gnu++20";
				CLANG_ENABLE_MODULES = YES;
				CLANG_ENABLE_OBJC_ARC = YES;
				CLANG_ENABLE_OBJC_WEAK = YES;
				CLANG_WARN_BLOCK_CAPTURE_AUTORELEASING = YES;
				CLANG_WARN_BOOL_CONVERSION = YES;
				CLANG_WARN_COMMA = YES;
				CLANG_WARN_CONSTANT_CONVERSION = YES;
				CLANG_WARN_DEPRECATED_OBJC_IMPLEMENTATIONS = YES;
				CLANG_WARN_DIRECT_OBJC_ISA_USAGE = YES_ERROR;
				CLANG_WARN_DOCUMENTATION_COMMENTS = YES;
				CLANG_WARN_EMPTY_BODY = YES;
				CLANG_WARN_ENUM_CONVERSION = YES;
				CLANG_WARN_INFINITE_RECURSION = YES;
				CLANG_WARN_INT_CONVERSION = YES;
				CLANG_WARN_NON_LITERAL_NULL_CONVERSION = YES;
				CLANG_WARN_OBJC_IMPLICIT_RETAIN_SELF = YES;
				CLANG_WARN_OBJC_LITERAL_CONVERSION = YES;
				CLANG_WARN_OBJC_ROOT_CLASS = YES_ERROR;
				CLANG_WARN_QUOTED_INCLUDE_IN_FRAMEWORK_HEADER = YES;
				CLANG_WARN_RANGE_LOOP_ANALYSIS = YES;
				CLANG_WARN_STRICT_PROTOTYPES = YES;
				CLANG_WARN_SUSPICIOUS_MOVE = YES;
				CLANG_WARN_UNGUARDED_AVAILABILITY = YES_AGGRESSIVE;
				CLANG_WARN_UNREACHABLE_CODE = YES;
				CLANG_WARN__DUPLICATE_METHOD_MATCH = YES;
				COPY_PHASE_STRIP = NO;
				DEBUG_INFORMATION_FORMAT = dwarf;
				ENABLE_STRICT_OBJC_MSGSEND = YES;
				ENABLE_TESTABILITY = YES;
				ENABLE_USER_SCRIPT_SANDBOXING = YES;
				GCC_C_LANGUAGE_STANDARD = gnu17;
				GCC_DYNAMIC_NO_PIC = NO;
				GCC_NO_COMMON_BLOCKS = YES;
				GCC_OPTIMIZATION_LEVEL = 0;
				GCC_PREPROCESSOR_DEFINITIONS = (
					"DEBUG=1",
					"$(inherited)",
				);
				GCC_WARN_64_TO_32_BIT_CONVERSION = YES;
				GCC_WARN_ABOUT_RETURN_TYPE = YES_ERROR;
				GCC_WARN_UNDECLARED_SELECTOR = YES;
				GCC_WARN_UNINITIALIZED_AUTOS = YES_AGGRESSIVE;
				GCC_WARN_UNUSED_FUNCTION = YES;
				GCC_WARN_UNUSED_VARIABLE = YES;
				IPHONEOS_DEPLOYMENT_TARGET = 16.0;
				LOCALIZATION_PREFERS_STRING_CATALOGS = YES;
				MTL_ENABLE_DEBUG_INFO = INCLUDE_SOURCE;
				MTL_FAST_MATH = YES;
				ONLY_ACTIVE_ARCH = YES;
				SDKROOT = iphoneos;
				SWIFT_ACTIVE_COMPILATION_CONDITIONS = "DEBUG $(inherited)";
				SWIFT_OPTIMIZATION_LEVEL = "-Onone";
			};
			name = Debug;
		};
		EF6DAC402BA9D51D00D20048 /* Release */ = {
			isa = XCBuildConfiguration;
			buildSettings = {
				ALWAYS_SEARCH_USER_PATHS = NO;
				ASSETCATALOG_COMPILER_GENERATE_SWIFT_ASSET_SYMBOL_EXTENSIONS = YES;
				CLANG_ANALYZER_NONNULL = YES;
				CLANG_ANALYZER_NUMBER_OBJECT_CONVERSION = YES_AGGRESSIVE;
				CLANG_CXX_LANGUAGE_STANDARD = "gnu++20";
				CLANG_ENABLE_MODULES = YES;
				CLANG_ENABLE_OBJC_ARC = YES;
				CLANG_ENABLE_OBJC_WEAK = YES;
				CLANG_WARN_BLOCK_CAPTURE_AUTORELEASING = YES;
				CLANG_WARN_BOOL_CONVERSION = YES;
				CLANG_WARN_COMMA = YES;
				CLANG_WARN_CONSTANT_CONVERSION = YES;
				CLANG_WARN_DEPRECATED_OBJC_IMPLEMENTATIONS = YES;
				CLANG_WARN_DIRECT_OBJC_ISA_USAGE = YES_ERROR;
				CLANG_WARN_DOCUMENTATION_COMMENTS = YES;
				CLANG_WARN_EMPTY_BODY = YES;
				CLANG_WARN_ENUM_CONVERSION = YES;
				CLANG_WARN_INFINITE_RECURSION = YES;
				CLANG_WARN_INT_CONVERSION = YES;
				CLANG_WARN_NON_LITERAL_NULL_CONVERSION = YES;
				CLANG_WARN_OBJC_IMPLICIT_RETAIN_SELF = YES;
				CLANG_WARN_OBJC_LITERAL_CONVERSION = YES;
				CLANG_WARN_OBJC_ROOT_CLASS = YES_ERROR;
				CLANG_WARN_QUOTED_INCLUDE_IN_FRAMEWORK_HEADER = YES;
				CLANG_WARN_RANGE_LOOP_ANALYSIS = YES;
				CLANG_WARN_STRICT_PROTOTYPES = YES;
				CLANG_WARN_SUSPICIOUS_MOVE = YES;
				CLANG_WARN_UNGUARDED_AVAILABILITY = YES_AGGRESSIVE;
				CLANG_WARN_UNREACHABLE_CODE = YES;
				CLANG_WARN__DUPLICATE_METHOD_MATCH = YES;
				COPY_PHASE_STRIP = NO;
				DEBUG_INFORMATION_FORMAT = "dwarf-with-dsym";
				ENABLE_NS_ASSERTIONS = NO;
				ENABLE_STRICT_OBJC_MSGSEND = YES;
				ENABLE_USER_SCRIPT_SANDBOXING = YES;
				GCC_C_LANGUAGE_STANDARD = gnu17;
				GCC_NO_COMMON_BLOCKS = YES;
				GCC_WARN_64_TO_32_BIT_CONVERSION = YES;
				GCC_WARN_ABOUT_RETURN_TYPE = YES_ERROR;
				GCC_WARN_UNDECLARED_SELECTOR = YES;
				GCC_WARN_UNINITIALIZED_AUTOS = YES_AGGRESSIVE;
				GCC_WARN_UNUSED_FUNCTION = YES;
				GCC_WARN_UNUSED_VARIABLE = YES;
				IPHONEOS_DEPLOYMENT_TARGET = 16.0;
				LOCALIZATION_PREFERS_STRING_CATALOGS = YES;
				MTL_ENABLE_DEBUG_INFO = NO;
				MTL_FAST_MATH = YES;
				SDKROOT = iphoneos;
				SWIFT_COMPILATION_MODE = wholemodule;
				VALIDATE_PRODUCT = YES;
			};
			name = Release;
		};
		EF6DAC422BA9D51D00D20048 /* Debug */ = {
			isa = XCBuildConfiguration;
			buildSettings = {
				ASSETCATALOG_COMPILER_APPICON_NAME = AppIcon;
				ASSETCATALOG_COMPILER_GLOBAL_ACCENT_COLOR_NAME = AccentColor;
				CODE_SIGN_STYLE = Automatic;
				CURRENT_PROJECT_VERSION = 1;
				DEVELOPMENT_ASSET_PATHS = "\"WeatherApp.iOS/Preview Content\"";
				DEVELOPMENT_TEAM = RDJR39ZN2U;
				ENABLE_PREVIEWS = YES;
				GENERATE_INFOPLIST_FILE = YES;
				INFOPLIST_KEY_CFBundleDisplayName = Weather;
				INFOPLIST_KEY_UIApplicationSceneManifest_Generation = YES;
				INFOPLIST_KEY_UIApplicationSupportsIndirectInputEvents = YES;
				INFOPLIST_KEY_UILaunchScreen_Generation = YES;
				INFOPLIST_KEY_UISupportedInterfaceOrientations_iPad = "UIInterfaceOrientationPortrait UIInterfaceOrientationPortraitUpsideDown UIInterfaceOrientationLandscapeLeft UIInterfaceOrientationLandscapeRight";
				INFOPLIST_KEY_UISupportedInterfaceOrientations_iPhone = "UIInterfaceOrientationPortrait UIInterfaceOrientationLandscapeLeft UIInterfaceOrientationLandscapeRight";
				LD_RUNPATH_SEARCH_PATHS = (
					"$(inherited)",
					"@executable_path/Frameworks",
				);
				MARKETING_VERSION = 1.0;
				PRODUCT_BUNDLE_IDENTIFIER = "com.dipankar.WeatherApp-iOS";
				PRODUCT_NAME = "$(TARGET_NAME)";
				SWIFT_EMIT_LOC_STRINGS = YES;
				SWIFT_VERSION = 5.0;
				TARGETED_DEVICE_FAMILY = "1,2";
			};
			name = Debug;
		};
		EF6DAC432BA9D51D00D20048 /* Release */ = {
			isa = XCBuildConfiguration;
			buildSettings = {
				ASSETCATALOG_COMPILER_APPICON_NAME = AppIcon;
				ASSETCATALOG_COMPILER_GLOBAL_ACCENT_COLOR_NAME = AccentColor;
				CODE_SIGN_STYLE = Automatic;
				CURRENT_PROJECT_VERSION = 1;
				DEVELOPMENT_ASSET_PATHS = "\"WeatherApp.iOS/Preview Content\"";
				DEVELOPMENT_TEAM = RDJR39ZN2U;
				ENABLE_PREVIEWS = YES;
				GENERATE_INFOPLIST_FILE = YES;
				INFOPLIST_KEY_CFBundleDisplayName = Weather;
				INFOPLIST_KEY_UIApplicationSceneManifest_Generation = YES;
				INFOPLIST_KEY_UIApplicationSupportsIndirectInputEvents = YES;
				INFOPLIST_KEY_UILaunchScreen_Generation = YES;
				INFOPLIST_KEY_UISupportedInterfaceOrientations_iPad = "UIInterfaceOrientationPortrait UIInterfaceOrientationPortraitUpsideDown UIInterfaceOrientationLandscapeLeft UIInterfaceOrientationLandscapeRight";
				INFOPLIST_KEY_UISupportedInterfaceOrientations_iPhone = "UIInterfaceOrientationPortrait UIInterfaceOrientationLandscapeLeft UIInterfaceOrientationLandscapeRight";
				LD_RUNPATH_SEARCH_PATHS = (
					"$(inherited)",
					"@executable_path/Frameworks",
				);
				MARKETING_VERSION = 1.0;
				PRODUCT_BUNDLE_IDENTIFIER = "com.dipankar.WeatherApp-iOS";
				PRODUCT_NAME = "$(TARGET_NAME)";
				SWIFT_EMIT_LOC_STRINGS = YES;
				SWIFT_VERSION = 5.0;
				TARGETED_DEVICE_FAMILY = "1,2";
			};
			name = Release;
		};
		EF6DAC452BA9D51D00D20048 /* Debug */ = {
			isa = XCBuildConfiguration;
			buildSettings = {
				ALWAYS_EMBED_SWIFT_STANDARD_LIBRARIES = YES;
				BUNDLE_LOADER = "$(TEST_HOST)";
				CLANG_ENABLE_MODULES = YES;
				CODE_SIGN_STYLE = Automatic;
				CURRENT_PROJECT_VERSION = 1;
				DEVELOPMENT_TEAM = RDJR39ZN2U;
				GENERATE_INFOPLIST_FILE = YES;
				IPHONEOS_DEPLOYMENT_TARGET = 17.2;
				MARKETING_VERSION = 1.0;
				PRODUCT_BUNDLE_IDENTIFIER = "com.dipankar.WeatherApp-iOSTests";
				PRODUCT_NAME = "$(TARGET_NAME)";
				SWIFT_EMIT_LOC_STRINGS = NO;
				SWIFT_OPTIMIZATION_LEVEL = "-Onone";
				SWIFT_VERSION = 5.0;
				TARGETED_DEVICE_FAMILY = "1,2";
				TEST_HOST = "$(BUILT_PRODUCTS_DIR)/WeatherApp.iOS.app/$(BUNDLE_EXECUTABLE_FOLDER_PATH)/WeatherApp.iOS";
			};
			name = Debug;
		};
		EF6DAC462BA9D51D00D20048 /* Release */ = {
			isa = XCBuildConfiguration;
			buildSettings = {
				ALWAYS_EMBED_SWIFT_STANDARD_LIBRARIES = YES;
				BUNDLE_LOADER = "$(TEST_HOST)";
				CLANG_ENABLE_MODULES = YES;
				CODE_SIGN_STYLE = Automatic;
				CURRENT_PROJECT_VERSION = 1;
				DEVELOPMENT_TEAM = RDJR39ZN2U;
				GENERATE_INFOPLIST_FILE = YES;
				IPHONEOS_DEPLOYMENT_TARGET = 17.2;
				MARKETING_VERSION = 1.0;
				PRODUCT_BUNDLE_IDENTIFIER = "com.dipankar.WeatherApp-iOSTests";
				PRODUCT_NAME = "$(TARGET_NAME)";
				SWIFT_EMIT_LOC_STRINGS = NO;
				SWIFT_VERSION = 5.0;
				TARGETED_DEVICE_FAMILY = "1,2";
				TEST_HOST = "$(BUILT_PRODUCTS_DIR)/WeatherApp.iOS.app/$(BUNDLE_EXECUTABLE_FOLDER_PATH)/WeatherApp.iOS";
			};
			name = Release;
		};
/* End XCBuildConfiguration section */

/* Begin XCConfigurationList section */
		EF6DAC182BA9D51C00D20048 /* Build configuration list for PBXProject "WeatherApp.iOS" */ = {
			isa = XCConfigurationList;
			buildConfigurations = (
				EF6DAC3F2BA9D51D00D20048 /* Debug */,
				EF6DAC402BA9D51D00D20048 /* Release */,
			);
			defaultConfigurationIsVisible = 0;
			defaultConfigurationName = Release;
		};
		EF6DAC412BA9D51D00D20048 /* Build configuration list for PBXNativeTarget "WeatherApp.iOS" */ = {
			isa = XCConfigurationList;
			buildConfigurations = (
				EF6DAC422BA9D51D00D20048 /* Debug */,
				EF6DAC432BA9D51D00D20048 /* Release */,
			);
			defaultConfigurationIsVisible = 0;
			defaultConfigurationName = Release;
		};
		EF6DAC442BA9D51D00D20048 /* Build configuration list for PBXNativeTarget "WeatherApp.iOSTests" */ = {
			isa = XCConfigurationList;
			buildConfigurations = (
				EF6DAC452BA9D51D00D20048 /* Debug */,
				EF6DAC462BA9D51D00D20048 /* Release */,
			);
			defaultConfigurationIsVisible = 0;
			defaultConfigurationName = Release;
		};
/* End XCConfigurationList section */
	};
	rootObject = EF6DAC152BA9D51C00D20048 /* Project object */;
}
